# This file was autogenerated by Stack.
# You should not edit this file by hand.
# For more information, please see the documentation at:
#   https://docs.haskellstack.org/en/stable/lock_files

packages:
- completed:
    size: 239397
    subdir: cas/hashable
    url: https://github.com/tweag/funflow/archive/7d8f088f2087423a9314d75c4d0d0c46806dde1e.tar.gz
    cabal-file:
      size: 1548
      sha256: fa10169aa9c58566eb3bfcda3fb62d76390ea43d8cdcc0878ab0dae2c93ba325
    name: cas-hashable
    version: 1.0.1
    sha256: e7a238101ee96e6f1011703893de02c44afb323370d019b9573f79a452a48e88
    pantry-tree:
      size: 233
      sha256: e268fb0f24e5e7c1a26500c06faba538a8f8f736496cc8829295cbaf8e3fdff8
  original:
    subdir: cas/hashable
    url: https://github.com/tweag/funflow/archive/7d8f088f2087423a9314d75c4d0d0c46806dde1e.tar.gz
- completed:
    size: 239397
    subdir: cas/s3
    url: https://github.com/tweag/funflow/archive/7d8f088f2087423a9314d75c4d0d0c46806dde1e.tar.gz
    cabal-file:
      size: 1146
      sha256: 5597515a4b0a204644d90d66475d26290ccc31291e90f4827e0f74fda581b291
    name: cas-hashable-s3
    version: 1.0.0
    sha256: e7a238101ee96e6f1011703893de02c44afb323370d019b9573f79a452a48e88
    pantry-tree:
      size: 238
      sha256: 5d934a65721744b493dcd719394cdd1392df32a7ca14d219ff925d0b36140d57
  original:
    subdir: cas/s3
    url: https://github.com/tweag/funflow/archive/7d8f088f2087423a9314d75c4d0d0c46806dde1e.tar.gz
- completed:
    size: 239397
    subdir: cas/store
    url: https://github.com/tweag/funflow/archive/7d8f088f2087423a9314d75c4d0d0c46806dde1e.tar.gz
    cabal-file:
      size: 2752
      sha256: 9a0abf71f2ec33ebc9b40862675653289b9c1dd4c475ec87f8f02a1531188fd2
    name: cas-store
    version: 1.0.1
    sha256: e7a238101ee96e6f1011703893de02c44afb323370d019b9573f79a452a48e88
    pantry-tree:
      size: 780
      sha256: acb754fe4fb74e962e200a278f32edecfbf1c8591986ea78f30e3b8a41cc0f98
  original:
    subdir: cas/store
    url: https://github.com/tweag/funflow/archive/7d8f088f2087423a9314d75c4d0d0c46806dde1e.tar.gz
- completed:
    size: 239397
    subdir: funflow
    url: https://github.com/tweag/funflow/archive/7d8f088f2087423a9314d75c4d0d0c46806dde1e.tar.gz
    cabal-file:
      size: 4916
      sha256: c89ad429d98920965be5f84f661157d1af5f84ceba94910895e5a340997be2b7
    name: funflow
    version: 1.6.0
    sha256: e7a238101ee96e6f1011703893de02c44afb323370d019b9573f79a452a48e88
    pantry-tree:
      size: 2044
      sha256: 8ab8179423053baab24c22543f0ea54055664d0737e5d3d0b6ab45c2a282ecf3
  original:
    subdir: funflow
    url: https://github.com/tweag/funflow/archive/7d8f088f2087423a9314d75c4d0d0c46806dde1e.tar.gz
snapshots:
- completed:
    size: 524996
    url: https://raw.githubusercontent.com/commercialhaskell/stackage-snapshots/master/lts/14/27.yaml
    sha256: 7ea31a280c56bf36ff591a7397cc384d0dff622e7f9e4225b47d8980f019a0f0
  original: lts-14.27
